
Microsoft Visual Studio Solution File, Format Version 12.00
# Visual Studio Version 17
VisualStudioVersion = 17.6.33815.320
MinimumVisualStudioVersion = 10.0.40219.1
Project("{2150E333-8FDC-42A3-9474-1A3956D46DE8}") = "src", "src", "{CCEE2158-CE58-4F87-B35A-70E064DC5958}"
EndProject
Project("{2150E333-8FDC-42A3-9474-1A3956D46DE8}") = "tests", "tests", "{DDC145A6-0C2F-411D-BE57-37A151F79569}"
EndProject
Project("{9A19103F-16F7-4668-BE54-9A1E7A4F7556}") = "WebApi", "src\WebApi\WebApi.csproj", "{5897D023-63C0-44CB-A93A-AF873BF656C0}"
EndProject
Project("{9A19103F-16F7-4668-BE54-9A1E7A4F7556}") = "Application", "src\Application\Application.csproj", "{A64EF2C9-8E54-41A3-A5D5-B0A2FB5133A7}"
EndProject
Project("{9A19103F-16F7-4668-BE54-9A1E7A4F7556}") = "CrossCutting.Ioc", "src\CrossCutting.Ioc\CrossCutting.Ioc.csproj", "{372DB163-6253-4FEF-A65C-C3CFEEB5EE6E}"
EndProject
Project("{9A19103F-16F7-4668-BE54-9A1E7A4F7556}") = "Domain", "src\Domain\Domain.csproj", "{78333276-0AF0-4C28-A14E-C3440EEF1F27}"
EndProject
Project("{9A19103F-16F7-4668-BE54-9A1E7A4F7556}") = "Infra", "src\Infra\Infra.csproj", "{AEF3A340-DF50-438B-A974-5EE7F5CCD228}"
EndProject
Project("{9A19103F-16F7-4668-BE54-9A1E7A4F7556}") = "UnitTests", "tests\UnitTests\UnitTests.csproj", "{347814C8-52A8-4095-98C5-CBA5B8F3C603}"
EndProject
Project("{9A19103F-16F7-4668-BE54-9A1E7A4F7556}") = "FunctionalTests", "tests\FunctionalTests\FunctionalTests.csproj", "{12A73DB5-F555-4520-8823-E4300A3CBC49}"
EndProject
Project("{FAE04EC0-301F-11D3-BF4B-00C04F79EFBC}") = "ExternalServices", "src\ExternalServices\ExternalServices.csproj", "{14043D91-FBC5-4A54-AAF8-8372B7270801}"
EndProject
Project("{E53339B2-1760-4266-BCC7-CA923CBCF16C}") = "docker-compose", "docker-compose.dcproj", "{4E2C5D27-4D54-4DBE-B6C6-47AA1AF69084}"
EndProject
Global
	GlobalSection(SolutionConfigurationPlatforms) = preSolution
		Debug|Any CPU = Debug|Any CPU
		Release|Any CPU = Release|Any CPU
	EndGlobalSection
	GlobalSection(ProjectConfigurationPlatforms) = postSolution
		{5897D023-63C0-44CB-A93A-AF873BF656C0}.Debug|Any CPU.ActiveCfg = Debug|Any CPU
		{5897D023-63C0-44CB-A93A-AF873BF656C0}.Debug|Any CPU.Build.0 = Debug|Any CPU
		{5897D023-63C0-44CB-A93A-AF873BF656C0}.Release|Any CPU.ActiveCfg = Release|Any CPU
		{5897D023-63C0-44CB-A93A-AF873BF656C0}.Release|Any CPU.Build.0 = Release|Any CPU
		{A64EF2C9-8E54-41A3-A5D5-B0A2FB5133A7}.Debug|Any CPU.ActiveCfg = Debug|Any CPU
		{A64EF2C9-8E54-41A3-A5D5-B0A2FB5133A7}.Debug|Any CPU.Build.0 = Debug|Any CPU
		{A64EF2C9-8E54-41A3-A5D5-B0A2FB5133A7}.Release|Any CPU.ActiveCfg = Release|Any CPU
		{A64EF2C9-8E54-41A3-A5D5-B0A2FB5133A7}.Release|Any CPU.Build.0 = Release|Any CPU
		{372DB163-6253-4FEF-A65C-C3CFEEB5EE6E}.Debug|Any CPU.ActiveCfg = Debug|Any CPU
		{372DB163-6253-4FEF-A65C-C3CFEEB5EE6E}.Debug|Any CPU.Build.0 = Debug|Any CPU
		{372DB163-6253-4FEF-A65C-C3CFEEB5EE6E}.Release|Any CPU.ActiveCfg = Release|Any CPU
		{372DB163-6253-4FEF-A65C-C3CFEEB5EE6E}.Release|Any CPU.Build.0 = Release|Any CPU
		{78333276-0AF0-4C28-A14E-C3440EEF1F27}.Debug|Any CPU.ActiveCfg = Debug|Any CPU
		{78333276-0AF0-4C28-A14E-C3440EEF1F27}.Debug|Any CPU.Build.0 = Debug|Any CPU
		{78333276-0AF0-4C28-A14E-C3440EEF1F27}.Release|Any CPU.ActiveCfg = Release|Any CPU
		{78333276-0AF0-4C28-A14E-C3440EEF1F27}.Release|Any CPU.Build.0 = Release|Any CPU
		{AEF3A340-DF50-438B-A974-5EE7F5CCD228}.Debug|Any CPU.ActiveCfg = Debug|Any CPU
		{AEF3A340-DF50-438B-A974-5EE7F5CCD228}.Debug|Any CPU.Build.0 = Debug|Any CPU
		{AEF3A340-DF50-438B-A974-5EE7F5CCD228}.Release|Any CPU.ActiveCfg = Release|Any CPU
		{AEF3A340-DF50-438B-A974-5EE7F5CCD228}.Release|Any CPU.Build.0 = Release|Any CPU
		{347814C8-52A8-4095-98C5-CBA5B8F3C603}.Debug|Any CPU.ActiveCfg = Debug|Any CPU
		{347814C8-52A8-4095-98C5-CBA5B8F3C603}.Debug|Any CPU.Build.0 = Debug|Any CPU
		{347814C8-52A8-4095-98C5-CBA5B8F3C603}.Release|Any CPU.ActiveCfg = Release|Any CPU
		{347814C8-52A8-4095-98C5-CBA5B8F3C603}.Release|Any CPU.Build.0 = Release|Any CPU
		{12A73DB5-F555-4520-8823-E4300A3CBC49}.Debug|Any CPU.ActiveCfg = Debug|Any CPU
		{12A73DB5-F555-4520-8823-E4300A3CBC49}.Debug|Any CPU.Build.0 = Debug|Any CPU
		{12A73DB5-F555-4520-8823-E4300A3CBC49}.Release|Any CPU.ActiveCfg = Release|Any CPU
		{12A73DB5-F555-4520-8823-E4300A3CBC49}.Release|Any CPU.Build.0 = Release|Any CPU
		{14043D91-FBC5-4A54-AAF8-8372B7270801}.Debug|Any CPU.ActiveCfg = Debug|Any CPU
		{14043D91-FBC5-4A54-AAF8-8372B7270801}.Debug|Any CPU.Build.0 = Debug|Any CPU
		{14043D91-FBC5-4A54-AAF8-8372B7270801}.Release|Any CPU.ActiveCfg = Release|Any CPU
		{14043D91-FBC5-4A54-AAF8-8372B7270801}.Release|Any CPU.Build.0 = Release|Any CPU
		{4E2C5D27-4D54-4DBE-B6C6-47AA1AF69084}.Debug|Any CPU.ActiveCfg = Debug|Any CPU
		{4E2C5D27-4D54-4DBE-B6C6-47AA1AF69084}.Debug|Any CPU.Build.0 = Debug|Any CPU
		{4E2C5D27-4D54-4DBE-B6C6-47AA1AF69084}.Release|Any CPU.ActiveCfg = Release|Any CPU
		{4E2C5D27-4D54-4DBE-B6C6-47AA1AF69084}.Release|Any CPU.Build.0 = Release|Any CPU
	EndGlobalSection
	GlobalSection(SolutionProperties) = preSolution
		HideSolutionNode = FALSE
	EndGlobalSection
	GlobalSection(NestedProjects) = preSolution
		{5897D023-63C0-44CB-A93A-AF873BF656C0} = {CCEE2158-CE58-4F87-B35A-70E064DC5958}
		{A64EF2C9-8E54-41A3-A5D5-B0A2FB5133A7} = {CCEE2158-CE58-4F87-B35A-70E064DC5958}
		{372DB163-6253-4FEF-A65C-C3CFEEB5EE6E} = {CCEE2158-CE58-4F87-B35A-70E064DC5958}
		{78333276-0AF0-4C28-A14E-C3440EEF1F27} = {CCEE2158-CE58-4F87-B35A-70E064DC5958}
		{AEF3A340-DF50-438B-A974-5EE7F5CCD228} = {CCEE2158-CE58-4F87-B35A-70E064DC5958}
		{347814C8-52A8-4095-98C5-CBA5B8F3C603} = {DDC145A6-0C2F-411D-BE57-37A151F79569}
		{12A73DB5-F555-4520-8823-E4300A3CBC49} = {DDC145A6-0C2F-411D-BE57-37A151F79569}
		{14043D91-FBC5-4A54-AAF8-8372B7270801} = {CCEE2158-CE58-4F87-B35A-70E064DC5958}
	EndGlobalSection
	GlobalSection(ExtensibilityGlobals) = postSolution
		SolutionGuid = {D7C4EEF7-DF62-414A-BCC1-A84FD6576B83}
	EndGlobalSection
EndGlobal
